
Microsoft Visual Studio Solution File, Format Version 12.00
# Visual Studio 2013
VisualStudioVersion = 12.0.31101.0
MinimumVisualStudioVersion = 10.0.40219.1
Project("{F184B08F-C81C-45F6-A57F-5ABD9991F28F}") = "Billing", "Billing\Billing.vbproj", "{84D700EB-B074-4507-B8FA-7D9C9D30ADAF}"
EndProject
Global
	GlobalSection(SolutionConfigurationPlatforms) = preSolution
		Debug|Any CPU = Debug|Any CPU
		Release|Any CPU = Release|Any CPU
	EndGlobalSection
	GlobalSection(ProjectConfigurationPlatforms) = postSolution
		{84D700EB-B074-4507-B8FA-7D9C9D30ADAF}.Debug|Any CPU.ActiveCfg = Debug|Any CPU
		{84D700EB-B074-4507-B8FA-7D9C9D30ADAF}.Debug|Any CPU.Build.0 = Debug|Any CPU
		{84D700EB-B074-4507-B8FA-7D9C9D30ADAF}.Release|Any CPU.ActiveCfg = Release|Any CPU
		{84D700EB-B074-4507-B8FA-7D9C9D30ADAF}.Release|Any CPU.Build.0 = Release|Any CPU
	EndGlobalSection
	GlobalSection(SolutionProperties) = preSolution
		HideSolutionNode = FALSE
	EndGlobalSection
EndGlobal
